
Microsoft Visual Studio Solution File, Format Version 12.00
# Visual Studio Version 17
VisualStudioVersion = 17.14.36705.20 d17.14
MinimumVisualStudioVersion = 10.0.40219.1
Project("{FAE04EC0-301F-11D3-BF4B-00C04F79EFBC}") = "WKK_Website", "WKK_Website\WKK_Website.csproj", "{6FB8CDEB-FC7F-4A50-AF4A-D07455DAA352}"
EndProject
Global
	GlobalSection(SolutionConfigurationPlatforms) = preSolution
		Debug|Any CPU = Debug|Any CPU
		Release|Any CPU = Release|Any CPU
	EndGlobalSection
	GlobalSection(ProjectConfigurationPlatforms) = postSolution
		{6FB8CDEB-FC7F-4A50-AF4A-D07455DAA352}.Debug|Any CPU.ActiveCfg = Debug|Any CPU
		{6FB8CDEB-FC7F-4A50-AF4A-D07455DAA352}.Debug|Any CPU.Build.0 = Debug|Any CPU
		{6FB8CDEB-FC7F-4A50-AF4A-D07455DAA352}.Release|Any CPU.ActiveCfg = Release|Any CPU
		{6FB8CDEB-FC7F-4A50-AF4A-D07455DAA352}.Release|Any CPU.Build.0 = Release|Any CPU
	EndGlobalSection
	GlobalSection(SolutionProperties) = preSolution
		HideSolutionNode = FALSE
	EndGlobalSection
	GlobalSection(ExtensibilityGlobals) = postSolution
		SolutionGuid = {AB5ED1FF-8038-4746-AA0D-17687494818C}
	EndGlobalSection
EndGlobal
